// !$*UTF8*$!
{
	archiveVersion = 1;
	classes = {
	};
	objectVersion = 46;
	objects = {

/* Begin PBXBuildFile section */
		299C5665190F867300C8AECF /* Foundation.framework in Frameworks */ = {isa = PBXBuildFile; fileRef = 299C5664190F867300C8AECF /* Foundation.framework */; };
		299C5667190F867300C8AECF /* CoreGraphics.framework in Frameworks */ = {isa = PBXBuildFile; fileRef = 299C5666190F867300C8AECF /* CoreGraphics.framework */; };
		299C5669190F867300C8AECF /* UIKit.framework in Frameworks */ = {isa = PBXBuildFile; fileRef = 299C5668190F867300C8AECF /* UIKit.framework */; };
		299C566F190F867300C8AECF /* InfoPlist.strings in Resources */ = {isa = PBXBuildFile; fileRef = 299C566D190F867300C8AECF /* InfoPlist.strings */; };
		299C5671190F867300C8AECF /* main.m in Sources */ = {isa = PBXBuildFile; fileRef = 299C5670190F867300C8AECF /* main.m */; };
		299C5675190F867300C8AECF /* AGAppDelegate.m in Sources */ = {isa = PBXBuildFile; fileRef = 299C5674190F867300C8AECF /* AGAppDelegate.m */; };
		299C5678190F867300C8AECF /* Main.storyboard in Resources */ = {isa = PBXBuildFile; fileRef = 299C5676190F867300C8AECF /* Main.storyboard */; };
		299C567B190F867300C8AECF /* AGViewController.m in Sources */ = {isa = PBXBuildFile; fileRef = 299C567A190F867300C8AECF /* AGViewController.m */; };
		299C567D190F867300C8AECF /* Images.xcassets in Resources */ = {isa = PBXBuildFile; fileRef = 299C567C190F867300C8AECF /* Images.xcassets */; };
		299C5684190F867300C8AECF /* XCTest.framework in Frameworks */ = {isa = PBXBuildFile; fileRef = 299C5683190F867300C8AECF /* XCTest.framework */; };
		299C5685190F867300C8AECF /* Foundation.framework in Frameworks */ = {isa = PBXBuildFile; fileRef = 299C5664190F867300C8AECF /* Foundation.framework */; };
		299C5686190F867300C8AECF /* UIKit.framework in Frameworks */ = {isa = PBXBuildFile; fileRef = 299C5668190F867300C8AECF /* UIKit.framework */; };
		299C568E190F867300C8AECF /* InfoPlist.strings in Resources */ = {isa = PBXBuildFile; fileRef = 299C568C190F867300C8AECF /* InfoPlist.strings */; };
		299C5690190F867300C8AECF /* AGPushNote_ExampleTests.m in Sources */ = {isa = PBXBuildFile; fileRef = 299C568F190F867300C8AECF /* AGPushNote_ExampleTests.m */; };
/* End PBXBuildFile section */

/* Begin PBXContainerItemProxy section */
		299C5687190F867300C8AECF /* PBXContainerItemProxy */ = {
			isa = PBXContainerItemProxy;
			containerPortal = 299C5659190F867300C8AECF /* Project object */;
			proxyType = 1;
			remoteGlobalIDString = 299C5660190F867300C8AECF;
			remoteInfo = AGPushNote_Example;
		};
/* End PBXContainerItemProxy section */

/* Begin PBXFileReference section */
		299C5661190F867300C8AECF /* AGPushNote_Example.app */ = {isa = PBXFileReference; explicitFileType = wrapper.application; includeInIndex = 0; path = AGPushNote_Example.app; sourceTree = BUILT_PRODUCTS_DIR; };
		299C5664190F867300C8AECF /* Foundation.framework */ = {isa = PBXFileReference; lastKnownFileType = wrapper.framework; name = Foundation.framework; path = System/Library/Frameworks/Foundation.framework; sourceTree = SDKROOT; };
		299C5666190F867300C8AECF /* CoreGraphics.framework */ = {isa = PBXFileReference; lastKnownFileType = wrapper.framework; name = CoreGraphics.framework; path = System/Library/Frameworks/CoreGraphics.framework; sourceTree = SDKROOT; };
		299C5668190F867300C8AECF /* UIKit.framework */ = {isa = PBXFileReference; lastKnownFileType = wrapper.framework; name = UIKit.framework; path = System/Library/Frameworks/UIKit.framework; sourceTree = SDKROOT; };
		299C566C190F867300C8AECF /* AGPushNote_Example-Info.plist */ = {isa = PBXFileReference; lastKnownFileType = text.plist.xml; path = "AGPushNote_Example-Info.plist"; sourceTree = "<group>"; };
		299C566E190F867300C8AECF /* en */ = {isa = PBXFileReference; lastKnownFileType = text.plist.strings; name = en; path = en.lproj/InfoPlist.strings; sourceTree = "<group>"; };
		299C5670190F867300C8AECF /* main.m */ = {isa = PBXFileReference; lastKnownFileType = sourcecode.c.objc; path = main.m; sourceTree = "<group>"; };
		299C5672190F867300C8AECF /* AGPushNote_Example-Prefix.pch */ = {isa = PBXFileReference; lastKnownFileType = sourcecode.c.h; path = "AGPushNote_Example-Prefix.pch"; sourceTree = "<group>"; };
		299C5673190F867300C8AECF /* AGAppDelegate.h */ = {isa = PBXFileReference; lastKnownFileType = sourcecode.c.h; path = AGAppDelegate.h; sourceTree = "<group>"; };
		299C5674190F867300C8AECF /* AGAppDelegate.m */ = {isa = PBXFileReference; lastKnownFileType = sourcecode.c.objc; path = AGAppDelegate.m; sourceTree = "<group>"; };
		299C5677190F867300C8AECF /* Base */ = {isa = PBXFileReference; lastKnownFileType = file.storyboard; name = Base; path = Base.lproj/Main.storyboard; sourceTree = "<group>"; };
		299C5679190F867300C8AECF /* AGViewController.h */ = {isa = PBXFileReference; lastKnownFileType = sourcecode.c.h; path = AGViewController.h; sourceTree = "<group>"; };
		299C567A190F867300C8AECF /* AGViewController.m */ = {isa = PBXFileReference; lastKnownFileType = sourcecode.c.objc; path = AGViewController.m; sourceTree = "<group>"; };
		299C567C190F867300C8AECF /* Images.xcassets */ = {isa = PBXFileReference; lastKnownFileType = folder.assetcatalog; path = Images.xcassets; sourceTree = "<group>"; };
		299C5682190F867300C8AECF /* AGPushNote_ExampleTests.xctest */ = {isa = PBXFileReference; explicitFileType = wrapper.cfbundle; includeInIndex = 0; path = AGPushNote_ExampleTests.xctest; sourceTree = BUILT_PRODUCTS_DIR; };
		299C5683190F867300C8AECF /* XCTest.framework */ = {isa = PBXFileReference; lastKnownFileType = wrapper.framework; name = XCTest.framework; path = Library/Frameworks/XCTest.framework; sourceTree = DEVELOPER_DIR; };
		299C568B190F867300C8AECF /* AGPushNote_ExampleTests-Info.plist */ = {isa = PBXFileReference; lastKnownFileType = text.plist.xml; path = "AGPushNote_ExampleTests-Info.plist"; sourceTree = "<group>"; };
		299C568D190F867300C8AECF /* en */ = {isa = PBXFileReference; lastKnownFileType = text.plist.strings; name = en; path = en.lproj/InfoPlist.strings; sourceTree = "<group>"; };
		299C568F190F867300C8AECF /* AGPushNote_ExampleTests.m */ = {isa = PBXFileReference; lastKnownFileType = sourcecode.c.objc; path = AGPushNote_ExampleTests.m; sourceTree = "<group>"; };
/* End PBXFileReference section */

/* Begin PBXFrameworksBuildPhase section */
		299C565E190F867300C8AECF /* Frameworks */ = {
			isa = PBXFrameworksBuildPhase;
			buildActionMask = 2147483647;
			files = (
				299C5667190F867300C8AECF /* CoreGraphics.framework in Frameworks */,
				299C5669190F867300C8AECF /* UIKit.framework in Frameworks */,
				299C5665190F867300C8AECF /* Foundation.framework in Frameworks */,
			);
			runOnlyForDeploymentPostprocessing = 0;
		};
		299C567F190F867300C8AECF /* Frameworks */ = {
			isa = PBXFrameworksBuildPhase;
			buildActionMask = 2147483647;
			files = (
				299C5684190F867300C8AECF /* XCTest.framework in Frameworks */,
				299C5686190F867300C8AECF /* UIKit.framework in Frameworks */,
				299C5685190F867300C8AECF /* Foundation.framework in Frameworks */,
			);
			runOnlyForDeploymentPostprocessing = 0;
		};
/* End PBXFrameworksBuildPhase section */

/* Begin PBXGroup section */
		299C5658190F867300C8AECF = {
			isa = PBXGroup;
			children = (
				299C566A190F867300C8AECF /* AGPushNote_Example */,
				299C5689190F867300C8AECF /* AGPushNote_ExampleTests */,
				299C5663190F867300C8AECF /* Frameworks */,
				299C5662190F867300C8AECF /* Products */,
			);
			sourceTree = "<group>";
		};
		299C5662190F867300C8AECF /* Products */ = {
			isa = PBXGroup;
			children = (
				299C5661190F867300C8AECF /* AGPushNote_Example.app */,
				299C5682190F867300C8AECF /* AGPushNote_ExampleTests.xctest */,
			);
			name = Products;
			sourceTree = "<group>";
		};
		299C5663190F867300C8AECF /* Frameworks */ = {
			isa = PBXGroup;
			children = (
				299C5664190F867300C8AECF /* Foundation.framework */,
				299C5666190F867300C8AECF /* CoreGraphics.framework */,
				299C5668190F867300C8AECF /* UIKit.framework */,
				299C5683190F867300C8AECF /* XCTest.framework */,
			);
			name = Frameworks;
			sourceTree = "<group>";
		};
		299C566A190F867300C8AECF /* AGPushNote_Example */ = {
			isa = PBXGroup;
			children = (
				299C5673190F867300C8AECF /* AGAppDelegate.h */,
				299C5674190F867300C8AECF /* AGAppDelegate.m */,
				299C5676190F867300C8AECF /* Main.storyboard */,
				299C5679190F867300C8AECF /* AGViewController.h */,
				299C567A190F867300C8AECF /* AGViewController.m */,
				299C567C190F867300C8AECF /* Images.xcassets */,
				299C566B190F867300C8AECF /* Supporting Files */,
			);
			path = AGPushNote_Example;
			sourceTree = "<group>";
		};
		299C566B190F867300C8AECF /* Supporting Files */ = {
			isa = PBXGroup;
			children = (
				299C566C190F867300C8AECF /* AGPushNote_Example-Info.plist */,
				299C566D190F867300C8AECF /* InfoPlist.strings */,
				299C5670190F867300C8AECF /* main.m */,
				299C5672190F867300C8AECF /* AGPushNote_Example-Prefix.pch */,
			);
			name = "Supporting Files";
			sourceTree = "<group>";
		};
		299C5689190F867300C8AECF /* AGPushNote_ExampleTests */ = {
			isa = PBXGroup;
			children = (
				299C568F190F867300C8AECF /* AGPushNote_ExampleTests.m */,
				299C568A190F867300C8AECF /* Supporting Files */,
			);
			path = AGPushNote_ExampleTests;
			sourceTree = "<group>";
		};
		299C568A190F867300C8AECF /* Supporting Files */ = {
			isa = PBXGroup;
			children = (
				299C568B190F867300C8AECF /* AGPushNote_ExampleTests-Info.plist */,
				299C568C190F867300C8AECF /* InfoPlist.strings */,
			);
			name = "Supporting Files";
			sourceTree = "<group>";
		};
/* End PBXGroup section */

/* Begin PBXNativeTarget section */
		299C5660190F867300C8AECF /* AGPushNote_Example */ = {
			isa = PBXNativeTarget;
			buildConfigurationList = 299C5693190F867300C8AECF /* Build configuration list for PBXNativeTarget "AGPushNote_Example" */;
			buildPhases = (
				299C565D190F867300C8AECF /* Sources */,
				299C565E190F867300C8AECF /* Frameworks */,
				299C565F190F867300C8AECF /* Resources */,
			);
			buildRules = (
			);
			dependencies = (
			);
			name = AGPushNote_Example;
			productName = AGPushNote_Example;
			productReference = 299C5661190F867300C8AECF /* AGPushNote_Example.app */;
			productType = "com.apple.product-type.application";
		};
		299C5681190F867300C8AECF /* AGPushNote_ExampleTests */ = {
			isa = PBXNativeTarget;
			buildConfigurationList = 299C5696190F867300C8AECF /* Build configuration list for PBXNativeTarget "AGPushNote_ExampleTests" */;
			buildPhases = (
				299C567E190F867300C8AECF /* Sources */,
				299C567F190F867300C8AECF /* Frameworks */,
				299C5680190F867300C8AECF /* Resources */,
			);
			buildRules = (
			);
			dependencies = (
				299C5688190F867300C8AECF /* PBXTargetDependency */,
			);
			name = AGPushNote_ExampleTests;
			productName = AGPushNote_ExampleTests;
			productReference = 299C5682190F867300C8AECF /* AGPushNote_ExampleTests.xctest */;
			productType = "com.apple.product-type.bundle.unit-test";
		};
/* End PBXNativeTarget section */

/* Begin PBXProject section */
		299C5659190F867300C8AECF /* Project object */ = {
			isa = PBXProject;
			attributes = {
				CLASSPREFIX = AG;
				LastUpgradeCheck = 0510;
				ORGANIZATIONNAME = "Aviel Gross";
				TargetAttributes = {
					299C5681190F867300C8AECF = {
						TestTargetID = 299C5660190F867300C8AECF;
					};
				};
			};
			buildConfigurationList = 299C565C190F867300C8AECF /* Build configuration list for PBXProject "AGPushNote_Example" */;
			compatibilityVersion = "Xcode 3.2";
			developmentRegion = English;
			hasScannedForEncodings = 0;
			knownRegions = (
				en,
				Base,
			);
			mainGroup = 299C5658190F867300C8AECF;
			productRefGroup = 299C5662190F867300C8AECF /* Products */;
			projectDirPath = "";
			projectRoot = "";
			targets = (
				299C5660190F867300C8AECF /* AGPushNote_Example */,
				299C5681190F867300C8AECF /* AGPushNote_ExampleTests */,
			);
		};
/* End PBXProject section */

/* Begin PBXResourcesBuildPhase section */
		299C565F190F867300C8AECF /* Resources */ = {
			isa = PBXResourcesBuildPhase;
			buildActionMask = 2147483647;
			files = (
				299C567D190F867300C8AECF /* Images.xcassets in Resources */,
				299C566F190F867300C8AECF /* InfoPlist.strings in Resources */,
				299C5678190F867300C8AECF /* Main.storyboard in Resources */,
			);
			runOnlyForDeploymentPostprocessing = 0;
		};
		299C5680190F867300C8AECF /* Resources */ = {
			isa = PBXResourcesBuildPhase;
			buildActionMask = 2147483647;
			files = (
				299C568E190F867300C8AECF /* InfoPlist.strings in Resources */,
			);
			runOnlyForDeploymentPostprocessing = 0;
		};
/* End PBXResourcesBuildPhase section */

/* Begin PBXSourcesBuildPhase section */
		299C565D190F867300C8AECF /* Sources */ = {
			isa = PBXSourcesBuildPhase;
			buildActionMask = 2147483647;
			files = (
				299C5675190F867300C8AECF /* AGAppDelegate.m in Sources */,
				299C567B190F867300C8AECF /* AGViewController.m in Sources */,
				299C5671190F867300C8AECF /* main.m in Sources */,
			);
			runOnlyForDeploymentPostprocessing = 0;
		};
		299C567E190F867300C8AECF /* Sources */ = {
			isa = PBXSourcesBuildPhase;
			buildActionMask = 2147483647;
			files = (
				299C5690190F867300C8AECF /* AGPushNote_ExampleTests.m in Sources */,
			);
			runOnlyForDeploymentPostprocessing = 0;
		};
/* End PBXSourcesBuildPhase section */

/* Begin PBXTargetDependency section */
		299C5688190F867300C8AECF /* PBXTargetDependency */ = {
			isa = PBXTargetDependency;
			target = 299C5660190F867300C8AECF /* AGPushNote_Example */;
			targetProxy = 299C5687190F867300C8AECF /* PBXContainerItemProxy */;
		};
/* End PBXTargetDependency section */

/* Begin PBXVariantGroup section */
		299C566D190F867300C8AECF /* InfoPlist.strings */ = {
			isa = PBXVariantGroup;
			children = (
				299C566E190F867300C8AECF /* en */,
			);
			name = InfoPlist.strings;
			sourceTree = "<group>";
		};
		299C5676190F867300C8AECF /* Main.storyboard */ = {
			isa = PBXVariantGroup;
			children = (
				299C5677190F867300C8AECF /* Base */,
			);
			name = Main.storyboard;
			sourceTree = "<group>";
		};
		299C568C190F867300C8AECF /* InfoPlist.strings */ = {
			isa = PBXVariantGroup;
			children = (
				299C568D190F867300C8AECF /* en */,
			);
			name = InfoPlist.strings;
			sourceTree = "<group>";
		};
/* End PBXVariantGroup section */

/* Begin XCBuildConfiguration section */
		299C5691190F867300C8AECF /* Debug */ = {
			isa = XCBuildConfiguration;
			buildSettings = {
				ALWAYS_SEARCH_USER_PATHS = NO;
				CLANG_CXX_LANGUAGE_STANDARD = "gnu++0x";
				CLANG_CXX_LIBRARY = "libc++";
				CLANG_ENABLE_MODULES = YES;
				CLANG_ENABLE_OBJC_ARC = YES;
				CLANG_WARN_BOOL_CONVERSION = YES;
				CLANG_WARN_CONSTANT_CONVERSION = YES;
				CLANG_WARN_DIRECT_OBJC_ISA_USAGE = YES_ERROR;
				CLANG_WARN_EMPTY_BODY = YES;
				CLANG_WARN_ENUM_CONVERSION = YES;
				CLANG_WARN_INT_CONVERSION = YES;
				CLANG_WARN_OBJC_ROOT_CLASS = YES_ERROR;
				CLANG_WARN__DUPLICATE_METHOD_MATCH = YES;
				"CODE_SIGN_IDENTITY[sdk=iphoneos*]" = "iPhone Developer";
				COPY_PHASE_STRIP = NO;
				GCC_C_LANGUAGE_STANDARD = gnu99;
				GCC_DYNAMIC_NO_PIC = NO;
				GCC_OPTIMIZATION_LEVEL = 0;
				GCC_PREPROCESSOR_DEFINITIONS = (
					"DEBUG=1",
					"$(inherited)",
				);
				GCC_SYMBOLS_PRIVATE_EXTERN = NO;
				GCC_WARN_64_TO_32_BIT_CONVERSION = YES;
				GCC_WARN_ABOUT_RETURN_TYPE = YES_ERROR;
				GCC_WARN_UNDECLARED_SELECTOR = YES;
				GCC_WARN_UNINITIALIZED_AUTOS = YES_AGGRESSIVE;
				GCC_WARN_UNUSED_FUNCTION = YES;
				GCC_WARN_UNUSED_VARIABLE = YES;
				IPHONEOS_DEPLOYMENT_TARGET = 7.1;
				ONLY_ACTIVE_ARCH = YES;
				SDKROOT = iphoneos;
			};
			name = Debug;
		};
		299C5692190F867300C8AECF /* Release */ = {
			isa = XCBuildConfiguration;
			buildSettings = {
				ALWAYS_SEARCH_USER_PATHS = NO;
				CLANG_CXX_LANGUAGE_STANDARD = "gnu++0x";
				CLANG_CXX_LIBRARY = "libc++";
				CLANG_ENABLE_MODULES = YES;
				CLANG_ENABLE_OBJC_ARC = YES;
				CLANG_WARN_BOOL_CONVERSION = YES;
				CLANG_WARN_CONSTANT_CONVERSION = YES;
				CLANG_WARN_DIRECT_OBJC_ISA_USAGE = YES_ERROR;
				CLANG_WARN_EMPTY_BODY = YES;
				CLANG_WARN_ENUM_CONVERSION = YES;
				CLANG_WARN_INT_CONVERSION = YES;
				CLANG_WARN_OBJC_ROOT_CLASS = YES_ERROR;
				CLANG_WARN__DUPLICATE_METHOD_MATCH = YES;
				"CODE_SIGN_IDENTITY[sdk=iphoneos*]" = "iPhone Developer";
				COPY_PHASE_STRIP = YES;
				ENABLE_NS_ASSERTIONS = NO;
				GCC_C_LANGUAGE_STANDARD = gnu99;
				GCC_WARN_64_TO_32_BIT_CONVERSION = YES;
				GCC_WARN_ABOUT_RETURN_TYPE = YES_ERROR;
				GCC_WARN_UNDECLARED_SELECTOR = YES;
				GCC_WARN_UNINITIALIZED_AUTOS = YES_AGGRESSIVE;
				GCC_WARN_UNUSED_FUNCTION = YES;
				GCC_WARN_UNUSED_VARIABLE = YES;
				IPHONEOS_DEPLOYMENT_TARGET = 7.1;
				SDKROOT = iphoneos;
				VALIDATE_PRODUCT = YES;
			};
			name = Release;
		};
		299C5694190F867300C8AECF /* Debug */ = {
			isa = XCBuildConfiguration;
			buildSettings = {
				ASSETCATALOG_COMPILER_APPICON_NAME = AppIcon;
				ASSETCATALOG_COMPILER_LAUNCHIMAGE_NAME = LaunchImage;
				GCC_PRECOMPILE_PREFIX_HEADER = YES;
				GCC_PREFIX_HEADER = "AGPushNote_Example/AGPushNote_Example-Prefix.pch";
				INFOPLIST_FILE = "AGPushNote_Example/AGPushNote_Example-Info.plist";
				PRODUCT_NAME = "$(TARGET_NAME)";
				WRAPPER_EXTENSION = app;
			};
			name = Debug;
		};
		299C5695190F867300C8AECF /* Release */ = {
			isa = XCBuildConfiguration;
			buildSettings = {
				ASSETCATALOG_COMPILER_APPICON_NAME = AppIcon;
				ASSETCATALOG_COMPILER_LAUNCHIMAGE_NAME = LaunchImage;
				GCC_PRECOMPILE_PREFIX_HEADER = YES;
				GCC_PREFIX_HEADER = "AGPushNote_Example/AGPushNote_Example-Prefix.pch";
				INFOPLIST_FILE = "AGPushNote_Example/AGPushNote_Example-Info.plist";
				PRODUCT_NAME = "$(TARGET_NAME)";
				WRAPPER_EXTENSION = app;
			};
			name = Release;
		};
		299C5697190F867300C8AECF /* Debug */ = {
			isa = XCBuildConfiguration;
			buildSettings = {
				BUNDLE_LOADER = "$(BUILT_PRODUCTS_DIR)/AGPushNote_Example.app/AGPushNote_Example";
				FRAMEWORK_SEARCH_PATHS = (
					"$(SDKROOT)/Developer/Library/Frameworks",
					"$(inherited)",
					"$(DEVELOPER_FRAMEWORKS_DIR)",
				);
				GCC_PRECOMPILE_PREFIX_HEADER = YES;
				GCC_PREFIX_HEADER = "AGPushNote_Example/AGPushNote_Example-Prefix.pch";
				GCC_PREPROCESSOR_DEFINITIONS = (
					"DEBUG=1",
					"$(inherited)",
				);
				INFOPLIST_FILE = "AGPushNote_ExampleTests/AGPushNote_ExampleTests-Info.plist";
				PRODUCT_NAME = "$(TARGET_NAME)";
				TEST_HOST = "$(BUNDLE_LOADER)";
				WRAPPER_EXTENSION = xctest;
			};
			name = Debug;
		};
		299C5698190F867300C8AECF /* Release */ = {
			isa = XCBuildConfiguration;
			buildSettings = {
				BUNDLE_LOADER = "$(BUILT_PRODUCTS_DIR)/AGPushNote_Example.app/AGPushNote_Example";
				FRAMEWORK_SEARCH_PATHS = (
					"$(SDKROOT)/Developer/Library/Frameworks",
					"$(inherited)",
					"$(DEVELOPER_FRAMEWORKS_DIR)",
				);
				GCC_PRECOMPILE_PREFIX_HEADER = YES;
				GCC_PREFIX_HEADER = "AGPushNote_Example/AGPushNote_Example-Prefix.pch";
				INFOPLIST_FILE = "AGPushNote_ExampleTests/AGPushNote_ExampleTests-Info.plist";
				PRODUCT_NAME = "$(TARGET_NAME)";
				TEST_HOST = "$(BUNDLE_LOADER)";
				WRAPPER_EXTENSION = xctest;
			};
			name = Release;
		};
/* End XCBuildConfiguration section */

/* Begin XCConfigurationList section */
		299C565C190F867300C8AECF /* Build configuration list for PBXProject "AGPushNote_Example" */ = {
			isa = XCConfigurationList;
			buildConfigurations = (
				299C5691190F867300C8AECF /* Debug */,
				299C5692190F867300C8AECF /* Release */,
			);
			defaultConfigurationIsVisible = 0;
			defaultConfigurationName = Release;
		};
		299C5693190F867300C8AECF /* Build configuration list for PBXNativeTarget "AGPushNote_Example" */ = {
			isa = XCConfigurationList;
			buildConfigurations = (
				299C5694190F867300C8AECF /* Debug */,
				299C5695190F867300C8AECF /* Release */,
			);
			defaultConfigurationIsVisible = 0;
		};
		299C5696190F867300C8AECF /* Build configuration list for PBXNativeTarget "AGPushNote_ExampleTests" */ = {
			isa = XCConfigurationList;
			buildConfigurations = (
				299C5697190F867300C8AECF /* Debug */,
				299C5698190F867300C8AECF /* Release */,
			);
			defaultConfigurationIsVisible = 0;
		};
/* End XCConfigurationList section */
	};
	rootObject = 299C5659190F867300C8AECF /* Project object */;
}
